// !$*UTF8*$!
{
	archiveVersion = 1;
	classes = {
	};
	objectVersion = 46;
	objects = {

/* Begin PBXBuildFile section */
		7A8E68FD157E73830023C843 /* UIKit.framework in Frameworks */ = {isa = PBXBuildFile; fileRef = 7A8E68FC157E73830023C843 /* UIKit.framework */; };
		7A8E68FF157E73830023C843 /* Foundation.framework in Frameworks */ = {isa = PBXBuildFile; fileRef = 7A8E68FE157E73830023C843 /* Foundation.framework */; };
		7A8E6901157E73830023C843 /* CoreGraphics.framework in Frameworks */ = {isa = PBXBuildFile; fileRef = 7A8E6900157E73830023C843 /* CoreGraphics.framework */; };
		7A8E6907157E73830023C843 /* InfoPlist.strings in Resources */ = {isa = PBXBuildFile; fileRef = 7A8E6905157E73830023C843 /* InfoPlist.strings */; };
		7A8E6909157E73830023C843 /* main.m in Sources */ = {isa = PBXBuildFile; fileRef = 7A8E6908157E73830023C843 /* main.m */; };
		7A8E690D157E73830023C843 /* TealiumExAppDelegate.m in Sources */ = {isa = PBXBuildFile; fileRef = 7A8E690C157E73830023C843 /* TealiumExAppDelegate.m */; };
		7A8E6914157E7A300023C843 /* SystemConfiguration.framework in Frameworks */ = {isa = PBXBuildFile; fileRef = 7A8E6913157E7A300023C843 /* SystemConfiguration.framework */; };
		7A8E691A157E7A710023C843 /* TealiumReachability.m in Sources */ = {isa = PBXBuildFile; fileRef = 7A8E6917157E7A710023C843 /* TealiumReachability.m */; };
		7A8E691B157E7A710023C843 /* TealiumiOSTagger.m in Sources */ = {isa = PBXBuildFile; fileRef = 7A8E6919157E7A710023C843 /* TealiumiOSTagger.m */; };
/* End PBXBuildFile section */

/* Begin PBXFileReference section */
		7A8E68F8157E73830023C843 /* TealiumiOSTaggerTestAppNonARC.app */ = {isa = PBXFileReference; explicitFileType = wrapper.application; includeInIndex = 0; path = TealiumiOSTaggerTestAppNonARC.app; sourceTree = BUILT_PRODUCTS_DIR; };
		7A8E68FC157E73830023C843 /* UIKit.framework */ = {isa = PBXFileReference; lastKnownFileType = wrapper.framework; name = UIKit.framework; path = System/Library/Frameworks/UIKit.framework; sourceTree = SDKROOT; };
		7A8E68FE157E73830023C843 /* Foundation.framework */ = {isa = PBXFileReference; lastKnownFileType = wrapper.framework; name = Foundation.framework; path = System/Library/Frameworks/Foundation.framework; sourceTree = SDKROOT; };
		7A8E6900157E73830023C843 /* CoreGraphics.framework */ = {isa = PBXFileReference; lastKnownFileType = wrapper.framework; name = CoreGraphics.framework; path = System/Library/Frameworks/CoreGraphics.framework; sourceTree = SDKROOT; };
		7A8E6904157E73830023C843 /* TealiumiOSTaggerTestAppNonARC-Info.plist */ = {isa = PBXFileReference; lastKnownFileType = text.plist.xml; path = "TealiumiOSTaggerTestAppNonARC-Info.plist"; sourceTree = "<group>"; };
		7A8E6906157E73830023C843 /* en */ = {isa = PBXFileReference; lastKnownFileType = text.plist.strings; name = en; path = en.lproj/InfoPlist.strings; sourceTree = "<group>"; };
		7A8E6908157E73830023C843 /* main.m */ = {isa = PBXFileReference; lastKnownFileType = sourcecode.c.objc; path = main.m; sourceTree = "<group>"; };
		7A8E690A157E73830023C843 /* TealiumiOSTaggerTestAppNonARC-Prefix.pch */ = {isa = PBXFileReference; lastKnownFileType = sourcecode.c.h; path = "TealiumiOSTaggerTestAppNonARC-Prefix.pch"; sourceTree = "<group>"; };
		7A8E690B157E73830023C843 /* TealiumExAppDelegate.h */ = {isa = PBXFileReference; lastKnownFileType = sourcecode.c.h; path = TealiumExAppDelegate.h; sourceTree = "<group>"; };
		7A8E690C157E73830023C843 /* TealiumExAppDelegate.m */ = {isa = PBXFileReference; lastKnownFileType = sourcecode.c.objc; path = TealiumExAppDelegate.m; sourceTree = "<group>"; };
		7A8E6913157E7A300023C843 /* SystemConfiguration.framework */ = {isa = PBXFileReference; lastKnownFileType = wrapper.framework; name = SystemConfiguration.framework; path = System/Library/Frameworks/SystemConfiguration.framework; sourceTree = SDKROOT; };
		7A8E6916157E7A710023C843 /* TealiumReachability.h */ = {isa = PBXFileReference; fileEncoding = 4; name = TealiumReachability.h; path = ../../../TealiumiOSTagger/TealiumiOSTagger/TealiumReachability.h; sourceTree = "<group>"; };
		7A8E6917157E7A710023C843 /* TealiumReachability.m */ = {isa = PBXFileReference; fileEncoding = 4; lastKnownFileType = sourcecode.c.objc; name = TealiumReachability.m; path = ../../../TealiumiOSTagger/TealiumiOSTagger/TealiumReachability.m; sourceTree = "<group>"; };
		7A8E6918157E7A710023C843 /* TealiumiOSTagger.h */ = {isa = PBXFileReference; fileEncoding = 4; lastKnownFileType = sourcecode.c.h; name = TealiumiOSTagger.h; path = ../../../TealiumiOSTagger/TealiumiOSTagger/TealiumiOSTagger.h; sourceTree = "<group>"; };
		7A8E6919157E7A710023C843 /* TealiumiOSTagger.m */ = {isa = PBXFileReference; fileEncoding = 4; lastKnownFileType = sourcecode.c.objc; name = TealiumiOSTagger.m; path = ../../../TealiumiOSTagger/TealiumiOSTagger/TealiumiOSTagger.m; sourceTree = "<group>"; };
/* End PBXFileReference section */

/* Begin PBXFrameworksBuildPhase section */
		7A8E68F5157E73830023C843 /* Frameworks */ = {
			isa = PBXFrameworksBuildPhase;
			buildActionMask = 2147483647;
			files = (
				7A8E6914157E7A300023C843 /* SystemConfiguration.framework in Frameworks */,
				7A8E68FD157E73830023C843 /* UIKit.framework in Frameworks */,
				7A8E68FF157E73830023C843 /* Foundation.framework in Frameworks */,
				7A8E6901157E73830023C843 /* CoreGraphics.framework in Frameworks */,
			);
			runOnlyForDeploymentPostprocessing = 0;
		};
/* End PBXFrameworksBuildPhase section */

/* Begin PBXGroup section */
		7A8E68ED157E73820023C843 = {
			isa = PBXGroup;
			children = (
				7A8E6902157E73830023C843 /* TealiumiOSTaggerTestAppNonARC */,
				7A8E68FB157E73830023C843 /* Frameworks */,
				7A8E68F9157E73830023C843 /* Products */,
			);
			sourceTree = "<group>";
		};
		7A8E68F9157E73830023C843 /* Products */ = {
			isa = PBXGroup;
			children = (
				7A8E68F8157E73830023C843 /* TealiumiOSTaggerTestAppNonARC.app */,
			);
			name = Products;
			sourceTree = "<group>";
		};
		7A8E68FB157E73830023C843 /* Frameworks */ = {
			isa = PBXGroup;
			children = (
				7A8E6913157E7A300023C843 /* SystemConfiguration.framework */,
				7A8E68FC157E73830023C843 /* UIKit.framework */,
				7A8E68FE157E73830023C843 /* Foundation.framework */,
				7A8E6900157E73830023C843 /* CoreGraphics.framework */,
			);
			name = Frameworks;
			sourceTree = "<group>";
		};
		7A8E6902157E73830023C843 /* TealiumiOSTaggerTestAppNonARC */ = {
			isa = PBXGroup;
			children = (
				7A8E6915157E7A440023C843 /* TealiumiOSTagger */,
				7A8E690B157E73830023C843 /* TealiumExAppDelegate.h */,
				7A8E690C157E73830023C843 /* TealiumExAppDelegate.m */,
				7A8E6903157E73830023C843 /* Supporting Files */,
			);
			path = TealiumiOSTaggerTestAppNonARC;
			sourceTree = "<group>";
		};
		7A8E6903157E73830023C843 /* Supporting Files */ = {
			isa = PBXGroup;
			children = (
				7A8E6904157E73830023C843 /* TealiumiOSTaggerTestAppNonARC-Info.plist */,
				7A8E6905157E73830023C843 /* InfoPlist.strings */,
				7A8E6908157E73830023C843 /* main.m */,
				7A8E690A157E73830023C843 /* TealiumiOSTaggerTestAppNonARC-Prefix.pch */,
			);
			name = "Supporting Files";
			sourceTree = "<group>";
		};
		7A8E6915157E7A440023C843 /* TealiumiOSTagger */ = {
			isa = PBXGroup;
			children = (
				7A8E6916157E7A710023C843 /* TealiumReachability.h */,
				7A8E6917157E7A710023C843 /* TealiumReachability.m */,
				7A8E6918157E7A710023C843 /* TealiumiOSTagger.h */,
				7A8E6919157E7A710023C843 /* TealiumiOSTagger.m */,
			);
			name = TealiumiOSTagger;
			sourceTree = "<group>";
		};
/* End PBXGroup section */

/* Begin PBXNativeTarget section */
		7A8E68F7157E73830023C843 /* TealiumiOSTaggerTestAppNonARC */ = {
			isa = PBXNativeTarget;
			buildConfigurationList = 7A8E6910157E73830023C843 /* Build configuration list for PBXNativeTarget "TealiumiOSTaggerTestAppNonARC" */;
			buildPhases = (
				7A8E68F4157E73830023C843 /* Sources */,
				7A8E68F5157E73830023C843 /* Frameworks */,
				7A8E68F6157E73830023C843 /* Resources */,
			);
			buildRules = (
			);
			dependencies = (
			);
			name = TealiumiOSTaggerTestAppNonARC;
			productName = TealiumiOSTaggerTestAppNonARC;
			productReference = 7A8E68F8157E73830023C843 /* TealiumiOSTaggerTestAppNonARC.app */;
			productType = "com.apple.product-type.application";
		};
/* End PBXNativeTarget section */

/* Begin PBXProject section */
		7A8E68EF157E73820023C843 /* Project object */ = {
			isa = PBXProject;
			attributes = {
				CLASSPREFIX = TealiumEx;
				LastUpgradeCheck = 0430;
			};
			buildConfigurationList = 7A8E68F2157E73820023C843 /* Build configuration list for PBXProject "TealiumiOSTaggerTestAppNonARC" */;
			compatibilityVersion = "Xcode 3.2";
			developmentRegion = English;
			hasScannedForEncodings = 0;
			knownRegions = (
				en,
			);
			mainGroup = 7A8E68ED157E73820023C843;
			productRefGroup = 7A8E68F9157E73830023C843 /* Products */;
			projectDirPath = "";
			projectRoot = "";
			targets = (
				7A8E68F7157E73830023C843 /* TealiumiOSTaggerTestAppNonARC */,
			);
		};
/* End PBXProject section */

/* Begin PBXResourcesBuildPhase section */
		7A8E68F6157E73830023C843 /* Resources */ = {
			isa = PBXResourcesBuildPhase;
			buildActionMask = 2147483647;
			files = (
				7A8E6907157E73830023C843 /* InfoPlist.strings in Resources */,
			);
			runOnlyForDeploymentPostprocessing = 0;
		};
/* End PBXResourcesBuildPhase section */

/* Begin PBXSourcesBuildPhase section */
		7A8E68F4157E73830023C843 /* Sources */ = {
			isa = PBXSourcesBuildPhase;
			buildActionMask = 2147483647;
			files = (
				7A8E6909157E73830023C843 /* main.m in Sources */,
				7A8E690D157E73830023C843 /* TealiumExAppDelegate.m in Sources */,
				7A8E691A157E7A710023C843 /* TealiumReachability.m in Sources */,
				7A8E691B157E7A710023C843 /* TealiumiOSTagger.m in Sources */,
			);
			runOnlyForDeploymentPostprocessing = 0;
		};
/* End PBXSourcesBuildPhase section */

/* Begin PBXVariantGroup section */
		7A8E6905157E73830023C843 /* InfoPlist.strings */ = {
			isa = PBXVariantGroup;
			children = (
				7A8E6906157E73830023C843 /* en */,
			);
			name = InfoPlist.strings;
			sourceTree = "<group>";
		};
/* End PBXVariantGroup section */

/* Begin XCBuildConfiguration section */
		7A8E690E157E73830023C843 /* Debug */ = {
			isa = XCBuildConfiguration;
			buildSettings = {
				ALWAYS_SEARCH_USER_PATHS = NO;
				ARCHS = "$(ARCHS_STANDARD_32_BIT)";
				"CODE_SIGN_IDENTITY[sdk=iphoneos*]" = "iPhone Developer";
				COPY_PHASE_STRIP = NO;
				GCC_C_LANGUAGE_STANDARD = gnu99;
				GCC_DYNAMIC_NO_PIC = NO;
				GCC_OPTIMIZATION_LEVEL = 0;
				GCC_PREPROCESSOR_DEFINITIONS = (
					"DEBUG=1",
					"$(inherited)",
				);
				GCC_SYMBOLS_PRIVATE_EXTERN = NO;
				GCC_VERSION = com.apple.compilers.llvm.clang.1_0;
				GCC_WARN_ABOUT_RETURN_TYPE = YES;
				GCC_WARN_UNINITIALIZED_AUTOS = YES;
				GCC_WARN_UNUSED_VARIABLE = YES;
				IPHONEOS_DEPLOYMENT_TARGET = 5.1;
				SDKROOT = iphoneos;
			};
			name = Debug;
		};
		7A8E690F157E73830023C843 /* Release */ = {
			isa = XCBuildConfiguration;
			buildSettings = {
				ALWAYS_SEARCH_USER_PATHS = NO;
				ARCHS = "$(ARCHS_STANDARD_32_BIT)";
				"CODE_SIGN_IDENTITY[sdk=iphoneos*]" = "iPhone Developer";
				COPY_PHASE_STRIP = YES;
				GCC_C_LANGUAGE_STANDARD = gnu99;
				GCC_VERSION = com.apple.compilers.llvm.clang.1_0;
				GCC_WARN_ABOUT_RETURN_TYPE = YES;
				GCC_WARN_UNINITIALIZED_AUTOS = YES;
				GCC_WARN_UNUSED_VARIABLE = YES;
				IPHONEOS_DEPLOYMENT_TARGET = 5.1;
				OTHER_CFLAGS = "-DNS_BLOCK_ASSERTIONS=1";
				SDKROOT = iphoneos;
				VALIDATE_PRODUCT = YES;
			};
			name = Release;
		};
		7A8E6911157E73830023C843 /* Debug */ = {
			isa = XCBuildConfiguration;
			buildSettings = {
				GCC_PRECOMPILE_PREFIX_HEADER = YES;
				GCC_PREFIX_HEADER = "TealiumiOSTaggerTestAppNonARC/TealiumiOSTaggerTestAppNonARC-Prefix.pch";
				INFOPLIST_FILE = "TealiumiOSTaggerTestAppNonARC/TealiumiOSTaggerTestAppNonARC-Info.plist";
				PRODUCT_NAME = "$(TARGET_NAME)";
				WRAPPER_EXTENSION = app;
			};
			name = Debug;
		};
		7A8E6912157E73830023C843 /* Release */ = {
			isa = XCBuildConfiguration;
			buildSettings = {
				GCC_PRECOMPILE_PREFIX_HEADER = YES;
				GCC_PREFIX_HEADER = "TealiumiOSTaggerTestAppNonARC/TealiumiOSTaggerTestAppNonARC-Prefix.pch";
				INFOPLIST_FILE = "TealiumiOSTaggerTestAppNonARC/TealiumiOSTaggerTestAppNonARC-Info.plist";
				PRODUCT_NAME = "$(TARGET_NAME)";
				WRAPPER_EXTENSION = app;
			};
			name = Release;
		};
/* End XCBuildConfiguration section */

/* Begin XCConfigurationList section */
		7A8E68F2157E73820023C843 /* Build configuration list for PBXProject "TealiumiOSTaggerTestAppNonARC" */ = {
			isa = XCConfigurationList;
			buildConfigurations = (
				7A8E690E157E73830023C843 /* Debug */,
				7A8E690F157E73830023C843 /* Release */,
			);
			defaultConfigurationIsVisible = 0;
			defaultConfigurationName = Release;
		};
		7A8E6910157E73830023C843 /* Build configuration list for PBXNativeTarget "TealiumiOSTaggerTestAppNonARC" */ = {
			isa = XCConfigurationList;
			buildConfigurations = (
				7A8E6911157E73830023C843 /* Debug */,
				7A8E6912157E73830023C843 /* Release */,
			);
			defaultConfigurationIsVisible = 0;
			defaultConfigurationName = Release;
		};
/* End XCConfigurationList section */
	};
	rootObject = 7A8E68EF157E73820023C843 /* Project object */;
}
