// !$*UTF8*$!
{
	archiveVersion = 1;
	classes = {
	};
	objectVersion = 46;
	objects = {

/* Begin PBXBuildFile section */
		712EDBFE16C44B5D0003C8F2 /* SamplesViewController.m in Sources */ = {isa = PBXBuildFile; fileRef = 712EDBFD16C44B5D0003C8F2 /* SamplesViewController.m */; };
		712EDC0516C4839E0003C8F2 /* appIcon_57.png in Resources */ = {isa = PBXBuildFile; fileRef = 712EDC0416C4839E0003C8F2 /* appIcon_57.png */; };
		712EDC0716C483A60003C8F2 /* appIcon_114.png in Resources */ = {isa = PBXBuildFile; fileRef = 712EDC0616C483A60003C8F2 /* appIcon_114.png */; };
		71A6386B17FA42ED00CFB8D3 /* SamplesTableViewController.m in Sources */ = {isa = PBXBuildFile; fileRef = 71A6386A17FA42ED00CFB8D3 /* SamplesTableViewController.m */; };
		71E97D3A16C2D009000133DE /* UIKit.framework in Frameworks */ = {isa = PBXBuildFile; fileRef = 71E97D3916C2D009000133DE /* UIKit.framework */; };
		71E97D3C16C2D009000133DE /* Foundation.framework in Frameworks */ = {isa = PBXBuildFile; fileRef = 71E97D3B16C2D009000133DE /* Foundation.framework */; };
		71E97D3E16C2D009000133DE /* CoreGraphics.framework in Frameworks */ = {isa = PBXBuildFile; fileRef = 71E97D3D16C2D009000133DE /* CoreGraphics.framework */; };
		71E97D4416C2D009000133DE /* InfoPlist.strings in Resources */ = {isa = PBXBuildFile; fileRef = 71E97D4216C2D009000133DE /* InfoPlist.strings */; };
		71E97D4616C2D009000133DE /* main.m in Sources */ = {isa = PBXBuildFile; fileRef = 71E97D4516C2D009000133DE /* main.m */; };
		71E97D4A16C2D009000133DE /* AppDelegate.m in Sources */ = {isa = PBXBuildFile; fileRef = 71E97D4916C2D009000133DE /* AppDelegate.m */; };
		71E97D4C16C2D009000133DE /* Default.png in Resources */ = {isa = PBXBuildFile; fileRef = 71E97D4B16C2D009000133DE /* Default.png */; };
		71E97D4E16C2D009000133DE /* Default@2x.png in Resources */ = {isa = PBXBuildFile; fileRef = 71E97D4D16C2D009000133DE /* Default@2x.png */; };
		71E97D5016C2D009000133DE /* Default-568h@2x.png in Resources */ = {isa = PBXBuildFile; fileRef = 71E97D4F16C2D009000133DE /* Default-568h@2x.png */; };
		71E97D5316C2D009000133DE /* MainStoryboard_iPhone.storyboard in Resources */ = {isa = PBXBuildFile; fileRef = 71E97D5116C2D009000133DE /* MainStoryboard_iPhone.storyboard */; };
		71E97D5616C2D009000133DE /* MainStoryboard_iPad.storyboard in Resources */ = {isa = PBXBuildFile; fileRef = 71E97D5416C2D009000133DE /* MainStoryboard_iPad.storyboard */; };
		71E97D5916C2D009000133DE /* ViewController.m in Sources */ = {isa = PBXBuildFile; fileRef = 71E97D5816C2D009000133DE /* ViewController.m */; };
		71E97D6016C2D0A4000133DE /* sample.mp4 in Resources */ = {isa = PBXBuildFile; fileRef = 71E97D5F16C2D0A4000133DE /* sample.mp4 */; };
		71E97D6316C2D0D3000133DE /* VideoSamplesViewController.m in Sources */ = {isa = PBXBuildFile; fileRef = 71E97D6216C2D0D3000133DE /* VideoSamplesViewController.m */; };
		71E97D6516C2D0EB000133DE /* MediaPlayer.framework in Frameworks */ = {isa = PBXBuildFile; fileRef = 71E97D6416C2D0EB000133DE /* MediaPlayer.framework */; };
		71E97D8A16C2D1D5000133DE /* AVFoundation.framework in Frameworks */ = {isa = PBXBuildFile; fileRef = 71E97D8916C2D1D5000133DE /* AVFoundation.framework */; };
		71E97D8C16C2D1DB000133DE /* CoreTelephony.framework in Frameworks */ = {isa = PBXBuildFile; fileRef = 71E97D8B16C2D1DB000133DE /* CoreTelephony.framework */; };
		71E97D8E16C2D1DF000133DE /* CoreMotion.framework in Frameworks */ = {isa = PBXBuildFile; fileRef = 71E97D8D16C2D1DF000133DE /* CoreMotion.framework */; };
		71E97D9016C2D1F0000133DE /* CoreMedia.framework in Frameworks */ = {isa = PBXBuildFile; fileRef = 71E97D8F16C2D1F0000133DE /* CoreMedia.framework */; };
		71E97D9216C2D1FB000133DE /* SystemConfiguration.framework in Frameworks */ = {isa = PBXBuildFile; fileRef = 71E97D9116C2D1FB000133DE /* SystemConfiguration.framework */; };
/* End PBXBuildFile section */

/* Begin PBXFileReference section */
		712EDBFC16C44B5D0003C8F2 /* SamplesViewController.h */ = {isa = PBXFileReference; fileEncoding = 4; lastKnownFileType = sourcecode.c.h; path = SamplesViewController.h; sourceTree = "<group>"; };
		712EDBFD16C44B5D0003C8F2 /* SamplesViewController.m */ = {isa = PBXFileReference; fileEncoding = 4; lastKnownFileType = sourcecode.c.objc; path = SamplesViewController.m; sourceTree = "<group>"; };
		712EDC0416C4839E0003C8F2 /* appIcon_57.png */ = {isa = PBXFileReference; lastKnownFileType = image.png; path = appIcon_57.png; sourceTree = "<group>"; };
		712EDC0616C483A60003C8F2 /* appIcon_114.png */ = {isa = PBXFileReference; lastKnownFileType = image.png; path = appIcon_114.png; sourceTree = "<group>"; };
		71A6386917FA42ED00CFB8D3 /* SamplesTableViewController.h */ = {isa = PBXFileReference; fileEncoding = 4; lastKnownFileType = sourcecode.c.h; path = SamplesTableViewController.h; sourceTree = "<group>"; };
		71A6386A17FA42ED00CFB8D3 /* SamplesTableViewController.m */ = {isa = PBXFileReference; fileEncoding = 4; lastKnownFileType = sourcecode.c.objc; path = SamplesTableViewController.m; sourceTree = "<group>"; };
		71E97D3516C2D009000133DE /* TealiumiOSTestApp.app */ = {isa = PBXFileReference; explicitFileType = wrapper.application; includeInIndex = 0; path = TealiumiOSTestApp.app; sourceTree = BUILT_PRODUCTS_DIR; };
		71E97D3916C2D009000133DE /* UIKit.framework */ = {isa = PBXFileReference; lastKnownFileType = wrapper.framework; name = UIKit.framework; path = System/Library/Frameworks/UIKit.framework; sourceTree = SDKROOT; };
		71E97D3B16C2D009000133DE /* Foundation.framework */ = {isa = PBXFileReference; lastKnownFileType = wrapper.framework; name = Foundation.framework; path = System/Library/Frameworks/Foundation.framework; sourceTree = SDKROOT; };
		71E97D3D16C2D009000133DE /* CoreGraphics.framework */ = {isa = PBXFileReference; lastKnownFileType = wrapper.framework; name = CoreGraphics.framework; path = System/Library/Frameworks/CoreGraphics.framework; sourceTree = SDKROOT; };
		71E97D4116C2D009000133DE /* TealiumiOSTestApp-Info.plist */ = {isa = PBXFileReference; lastKnownFileType = text.plist.xml; path = "TealiumiOSTestApp-Info.plist"; sourceTree = "<group>"; };
		71E97D4316C2D009000133DE /* en */ = {isa = PBXFileReference; lastKnownFileType = text.plist.strings; name = en; path = en.lproj/InfoPlist.strings; sourceTree = "<group>"; };
		71E97D4516C2D009000133DE /* main.m */ = {isa = PBXFileReference; lastKnownFileType = sourcecode.c.objc; path = main.m; sourceTree = "<group>"; };
		71E97D4716C2D009000133DE /* TealiumiOSTestApp-Prefix.pch */ = {isa = PBXFileReference; lastKnownFileType = sourcecode.c.h; path = "TealiumiOSTestApp-Prefix.pch"; sourceTree = "<group>"; };
		71E97D4816C2D009000133DE /* AppDelegate.h */ = {isa = PBXFileReference; lastKnownFileType = sourcecode.c.h; path = AppDelegate.h; sourceTree = "<group>"; };
		71E97D4916C2D009000133DE /* AppDelegate.m */ = {isa = PBXFileReference; lastKnownFileType = sourcecode.c.objc; path = AppDelegate.m; sourceTree = "<group>"; };
		71E97D4B16C2D009000133DE /* Default.png */ = {isa = PBXFileReference; lastKnownFileType = image.png; path = Default.png; sourceTree = "<group>"; };
		71E97D4D16C2D009000133DE /* Default@2x.png */ = {isa = PBXFileReference; lastKnownFileType = image.png; path = "Default@2x.png"; sourceTree = "<group>"; };
		71E97D4F16C2D009000133DE /* Default-568h@2x.png */ = {isa = PBXFileReference; lastKnownFileType = image.png; path = "Default-568h@2x.png"; sourceTree = "<group>"; };
		71E97D5216C2D009000133DE /* en */ = {isa = PBXFileReference; lastKnownFileType = file.storyboard; name = en; path = en.lproj/MainStoryboard_iPhone.storyboard; sourceTree = "<group>"; };
		71E97D5516C2D009000133DE /* en */ = {isa = PBXFileReference; lastKnownFileType = file.storyboard; name = en; path = en.lproj/MainStoryboard_iPad.storyboard; sourceTree = "<group>"; };
		71E97D5716C2D009000133DE /* ViewController.h */ = {isa = PBXFileReference; lastKnownFileType = sourcecode.c.h; path = ViewController.h; sourceTree = "<group>"; };
		71E97D5816C2D009000133DE /* ViewController.m */ = {isa = PBXFileReference; lastKnownFileType = sourcecode.c.objc; path = ViewController.m; sourceTree = "<group>"; };
		71E97D5F16C2D0A4000133DE /* sample.mp4 */ = {isa = PBXFileReference; lastKnownFileType = file; path = sample.mp4; sourceTree = "<group>"; };
		71E97D6116C2D0D3000133DE /* VideoSamplesViewController.h */ = {isa = PBXFileReference; fileEncoding = 4; lastKnownFileType = sourcecode.c.h; path = VideoSamplesViewController.h; sourceTree = "<group>"; };
		71E97D6216C2D0D3000133DE /* VideoSamplesViewController.m */ = {isa = PBXFileReference; fileEncoding = 4; lastKnownFileType = sourcecode.c.objc; path = VideoSamplesViewController.m; sourceTree = "<group>"; };
		71E97D6416C2D0EB000133DE /* MediaPlayer.framework */ = {isa = PBXFileReference; lastKnownFileType = wrapper.framework; name = MediaPlayer.framework; path = System/Library/Frameworks/MediaPlayer.framework; sourceTree = SDKROOT; };
		71E97D8916C2D1D5000133DE /* AVFoundation.framework */ = {isa = PBXFileReference; lastKnownFileType = wrapper.framework; name = AVFoundation.framework; path = System/Library/Frameworks/AVFoundation.framework; sourceTree = SDKROOT; };
		71E97D8B16C2D1DB000133DE /* CoreTelephony.framework */ = {isa = PBXFileReference; lastKnownFileType = wrapper.framework; name = CoreTelephony.framework; path = System/Library/Frameworks/CoreTelephony.framework; sourceTree = SDKROOT; };
		71E97D8D16C2D1DF000133DE /* CoreMotion.framework */ = {isa = PBXFileReference; lastKnownFileType = wrapper.framework; name = CoreMotion.framework; path = System/Library/Frameworks/CoreMotion.framework; sourceTree = SDKROOT; };
		71E97D8F16C2D1F0000133DE /* CoreMedia.framework */ = {isa = PBXFileReference; lastKnownFileType = wrapper.framework; name = CoreMedia.framework; path = System/Library/Frameworks/CoreMedia.framework; sourceTree = SDKROOT; };
		71E97D9116C2D1FB000133DE /* SystemConfiguration.framework */ = {isa = PBXFileReference; lastKnownFileType = wrapper.framework; name = SystemConfiguration.framework; path = System/Library/Frameworks/SystemConfiguration.framework; sourceTree = SDKROOT; };
/* End PBXFileReference section */

/* Begin PBXFrameworksBuildPhase section */
		71E97D3216C2D009000133DE /* Frameworks */ = {
			isa = PBXFrameworksBuildPhase;
			buildActionMask = 2147483647;
			files = (
				71E97D9216C2D1FB000133DE /* SystemConfiguration.framework in Frameworks */,
				71E97D9016C2D1F0000133DE /* CoreMedia.framework in Frameworks */,
				71E97D8E16C2D1DF000133DE /* CoreMotion.framework in Frameworks */,
				71E97D8C16C2D1DB000133DE /* CoreTelephony.framework in Frameworks */,
				71E97D8A16C2D1D5000133DE /* AVFoundation.framework in Frameworks */,
				71E97D6516C2D0EB000133DE /* MediaPlayer.framework in Frameworks */,
				71E97D3A16C2D009000133DE /* UIKit.framework in Frameworks */,
				71E97D3C16C2D009000133DE /* Foundation.framework in Frameworks */,
				71E97D3E16C2D009000133DE /* CoreGraphics.framework in Frameworks */,
			);
			runOnlyForDeploymentPostprocessing = 0;
		};
/* End PBXFrameworksBuildPhase section */

/* Begin PBXGroup section */
		71E97D2A16C2D009000133DE = {
			isa = PBXGroup;
			children = (
				712EDC0616C483A60003C8F2 /* appIcon_114.png */,
				712EDC0416C4839E0003C8F2 /* appIcon_57.png */,
				71E97D3F16C2D009000133DE /* TealiumiOSTestApp */,
				71E97D3816C2D009000133DE /* Frameworks */,
				71E97D3616C2D009000133DE /* Products */,
			);
			sourceTree = "<group>";
		};
		71E97D3616C2D009000133DE /* Products */ = {
			isa = PBXGroup;
			children = (
				71E97D3516C2D009000133DE /* TealiumiOSTestApp.app */,
			);
			name = Products;
			sourceTree = "<group>";
		};
		71E97D3816C2D009000133DE /* Frameworks */ = {
			isa = PBXGroup;
			children = (
				71E97D9116C2D1FB000133DE /* SystemConfiguration.framework */,
				71E97D8F16C2D1F0000133DE /* CoreMedia.framework */,
				71E97D8D16C2D1DF000133DE /* CoreMotion.framework */,
				71E97D8B16C2D1DB000133DE /* CoreTelephony.framework */,
				71E97D8916C2D1D5000133DE /* AVFoundation.framework */,
				71E97D6416C2D0EB000133DE /* MediaPlayer.framework */,
				71E97D3916C2D009000133DE /* UIKit.framework */,
				71E97D3B16C2D009000133DE /* Foundation.framework */,
				71E97D3D16C2D009000133DE /* CoreGraphics.framework */,
			);
			name = Frameworks;
			sourceTree = "<group>";
		};
		71E97D3F16C2D009000133DE /* TealiumiOSTestApp */ = {
			isa = PBXGroup;
			children = (
				71E97D4816C2D009000133DE /* AppDelegate.h */,
				71E97D4916C2D009000133DE /* AppDelegate.m */,
				71E97D5116C2D009000133DE /* MainStoryboard_iPhone.storyboard */,
				71E97D5416C2D009000133DE /* MainStoryboard_iPad.storyboard */,
				71E97D5716C2D009000133DE /* ViewController.h */,
				71E97D5816C2D009000133DE /* ViewController.m */,
				712EDBFC16C44B5D0003C8F2 /* SamplesViewController.h */,
				712EDBFD16C44B5D0003C8F2 /* SamplesViewController.m */,
				71A6386917FA42ED00CFB8D3 /* SamplesTableViewController.h */,
				71A6386A17FA42ED00CFB8D3 /* SamplesTableViewController.m */,
				71E97D6116C2D0D3000133DE /* VideoSamplesViewController.h */,
				71E97D6216C2D0D3000133DE /* VideoSamplesViewController.m */,
				71E97D4016C2D009000133DE /* Supporting Files */,
			);
			path = TealiumiOSTestApp;
			sourceTree = "<group>";
		};
		71E97D4016C2D009000133DE /* Supporting Files */ = {
			isa = PBXGroup;
			children = (
				71E97D5F16C2D0A4000133DE /* sample.mp4 */,
				71E97D4116C2D009000133DE /* TealiumiOSTestApp-Info.plist */,
				71E97D4216C2D009000133DE /* InfoPlist.strings */,
				71E97D4516C2D009000133DE /* main.m */,
				71E97D4716C2D009000133DE /* TealiumiOSTestApp-Prefix.pch */,
				71E97D4B16C2D009000133DE /* Default.png */,
				71E97D4D16C2D009000133DE /* Default@2x.png */,
				71E97D4F16C2D009000133DE /* Default-568h@2x.png */,
			);
			name = "Supporting Files";
			sourceTree = "<group>";
		};
/* End PBXGroup section */

/* Begin PBXNativeTarget section */
		71E97D3416C2D009000133DE /* TealiumiOSTestApp */ = {
			isa = PBXNativeTarget;
			buildConfigurationList = 71E97D5C16C2D009000133DE /* Build configuration list for PBXNativeTarget "TealiumiOSTestApp" */;
			buildPhases = (
				71E97D3116C2D009000133DE /* Sources */,
				71E97D3216C2D009000133DE /* Frameworks */,
				71E97D3316C2D009000133DE /* Resources */,
			);
			buildRules = (
			);
			dependencies = (
			);
			name = TealiumiOSTestApp;
			productName = TealiumiOSTestApp;
			productReference = 71E97D3516C2D009000133DE /* TealiumiOSTestApp.app */;
			productType = "com.apple.product-type.application";
		};
/* End PBXNativeTarget section */

/* Begin PBXProject section */
		71E97D2C16C2D009000133DE /* Project object */ = {
			isa = PBXProject;
			attributes = {
				LastUpgradeCheck = 0450;
				ORGANIZATIONNAME = Tealium;
			};
			buildConfigurationList = 71E97D2F16C2D009000133DE /* Build configuration list for PBXProject "TealiumiOSTestApp" */;
			compatibilityVersion = "Xcode 3.2";
			developmentRegion = English;
			hasScannedForEncodings = 0;
			knownRegions = (
				en,
			);
			mainGroup = 71E97D2A16C2D009000133DE;
			productRefGroup = 71E97D3616C2D009000133DE /* Products */;
			projectDirPath = "";
			projectRoot = "";
			targets = (
				71E97D3416C2D009000133DE /* TealiumiOSTestApp */,
			);
		};
/* End PBXProject section */

/* Begin PBXResourcesBuildPhase section */
		71E97D3316C2D009000133DE /* Resources */ = {
			isa = PBXResourcesBuildPhase;
			buildActionMask = 2147483647;
			files = (
				71E97D4416C2D009000133DE /* InfoPlist.strings in Resources */,
				71E97D4C16C2D009000133DE /* Default.png in Resources */,
				71E97D4E16C2D009000133DE /* Default@2x.png in Resources */,
				71E97D5016C2D009000133DE /* Default-568h@2x.png in Resources */,
				71E97D5316C2D009000133DE /* MainStoryboard_iPhone.storyboard in Resources */,
				71E97D5616C2D009000133DE /* MainStoryboard_iPad.storyboard in Resources */,
				71E97D6016C2D0A4000133DE /* sample.mp4 in Resources */,
				712EDC0516C4839E0003C8F2 /* appIcon_57.png in Resources */,
				712EDC0716C483A60003C8F2 /* appIcon_114.png in Resources */,
			);
			runOnlyForDeploymentPostprocessing = 0;
		};
/* End PBXResourcesBuildPhase section */

/* Begin PBXSourcesBuildPhase section */
		71E97D3116C2D009000133DE /* Sources */ = {
			isa = PBXSourcesBuildPhase;
			buildActionMask = 2147483647;
			files = (
				71E97D4616C2D009000133DE /* main.m in Sources */,
				71E97D4A16C2D009000133DE /* AppDelegate.m in Sources */,
				71E97D5916C2D009000133DE /* ViewController.m in Sources */,
				71A6386B17FA42ED00CFB8D3 /* SamplesTableViewController.m in Sources */,
				71E97D6316C2D0D3000133DE /* VideoSamplesViewController.m in Sources */,
				712EDBFE16C44B5D0003C8F2 /* SamplesViewController.m in Sources */,
			);
			runOnlyForDeploymentPostprocessing = 0;
		};
/* End PBXSourcesBuildPhase section */

/* Begin PBXVariantGroup section */
		71E97D4216C2D009000133DE /* InfoPlist.strings */ = {
			isa = PBXVariantGroup;
			children = (
				71E97D4316C2D009000133DE /* en */,
			);
			name = InfoPlist.strings;
			sourceTree = "<group>";
		};
		71E97D5116C2D009000133DE /* MainStoryboard_iPhone.storyboard */ = {
			isa = PBXVariantGroup;
			children = (
				71E97D5216C2D009000133DE /* en */,
			);
			name = MainStoryboard_iPhone.storyboard;
			sourceTree = "<group>";
		};
		71E97D5416C2D009000133DE /* MainStoryboard_iPad.storyboard */ = {
			isa = PBXVariantGroup;
			children = (
				71E97D5516C2D009000133DE /* en */,
			);
			name = MainStoryboard_iPad.storyboard;
			sourceTree = "<group>";
		};
/* End PBXVariantGroup section */

/* Begin XCBuildConfiguration section */
		71E97D5A16C2D009000133DE /* Debug */ = {
			isa = XCBuildConfiguration;
			buildSettings = {
				ALWAYS_SEARCH_USER_PATHS = NO;
				CLANG_CXX_LANGUAGE_STANDARD = "gnu++0x";
				CLANG_CXX_LIBRARY = "libc++";
				CLANG_ENABLE_OBJC_ARC = YES;
				CLANG_WARN_EMPTY_BODY = YES;
				CLANG_WARN__DUPLICATE_METHOD_MATCH = YES;
				"CODE_SIGN_IDENTITY[sdk=iphoneos*]" = "iPhone Developer";
				COPY_PHASE_STRIP = NO;
				GCC_C_LANGUAGE_STANDARD = gnu99;
				GCC_DYNAMIC_NO_PIC = NO;
				GCC_OPTIMIZATION_LEVEL = 0;
				GCC_PREPROCESSOR_DEFINITIONS = (
					"DEBUG=1",
					"$(inherited)",
				);
				GCC_SYMBOLS_PRIVATE_EXTERN = NO;
				GCC_WARN_ABOUT_RETURN_TYPE = YES;
				GCC_WARN_UNINITIALIZED_AUTOS = YES;
				GCC_WARN_UNUSED_VARIABLE = YES;
				IPHONEOS_DEPLOYMENT_TARGET = 6.0;
				ONLY_ACTIVE_ARCH = YES;
				SDKROOT = iphoneos;
				TARGETED_DEVICE_FAMILY = "1,2";
			};
			name = Debug;
		};
		71E97D5B16C2D009000133DE /* Release */ = {
			isa = XCBuildConfiguration;
			buildSettings = {
				ALWAYS_SEARCH_USER_PATHS = NO;
				CLANG_CXX_LANGUAGE_STANDARD = "gnu++0x";
				CLANG_CXX_LIBRARY = "libc++";
				CLANG_ENABLE_OBJC_ARC = YES;
				CLANG_WARN_EMPTY_BODY = YES;
				CLANG_WARN__DUPLICATE_METHOD_MATCH = YES;
				"CODE_SIGN_IDENTITY[sdk=iphoneos*]" = "iPhone Developer";
				COPY_PHASE_STRIP = YES;
				GCC_C_LANGUAGE_STANDARD = gnu99;
				GCC_WARN_ABOUT_RETURN_TYPE = YES;
				GCC_WARN_UNINITIALIZED_AUTOS = YES;
				GCC_WARN_UNUSED_VARIABLE = YES;
				IPHONEOS_DEPLOYMENT_TARGET = 6.0;
				OTHER_CFLAGS = "-DNS_BLOCK_ASSERTIONS=1";
				SDKROOT = iphoneos;
				TARGETED_DEVICE_FAMILY = "1,2";
				VALIDATE_PRODUCT = YES;
			};
			name = Release;
		};
		71E97D5D16C2D009000133DE /* Debug */ = {
			isa = XCBuildConfiguration;
			buildSettings = {
				FRAMEWORK_SEARCH_PATHS = "$(inherited)";
				GCC_PRECOMPILE_PREFIX_HEADER = YES;
				GCC_PREFIX_HEADER = "TealiumiOSTestApp/TealiumiOSTestApp-Prefix.pch";
				INFOPLIST_FILE = "TealiumiOSTestApp/TealiumiOSTestApp-Info.plist";
				OTHER_LDFLAGS = (
					"-all_load",
					"-ObjC",
				);
				PRODUCT_NAME = "$(TARGET_NAME)";
				TARGETED_DEVICE_FAMILY = 1;
				WRAPPER_EXTENSION = app;
			};
			name = Debug;
		};
		71E97D5E16C2D009000133DE /* Release */ = {
			isa = XCBuildConfiguration;
			buildSettings = {
				FRAMEWORK_SEARCH_PATHS = "$(inherited)";
				GCC_PRECOMPILE_PREFIX_HEADER = YES;
				GCC_PREFIX_HEADER = "TealiumiOSTestApp/TealiumiOSTestApp-Prefix.pch";
				INFOPLIST_FILE = "TealiumiOSTestApp/TealiumiOSTestApp-Info.plist";
				OTHER_LDFLAGS = (
					"-all_load",
					"-ObjC",
				);
				PRODUCT_NAME = "$(TARGET_NAME)";
				TARGETED_DEVICE_FAMILY = 1;
				WRAPPER_EXTENSION = app;
			};
			name = Release;
		};
/* End XCBuildConfiguration section */

/* Begin XCConfigurationList section */
		71E97D2F16C2D009000133DE /* Build configuration list for PBXProject "TealiumiOSTestApp" */ = {
			isa = XCConfigurationList;
			buildConfigurations = (
				71E97D5A16C2D009000133DE /* Debug */,
				71E97D5B16C2D009000133DE /* Release */,
			);
			defaultConfigurationIsVisible = 0;
			defaultConfigurationName = Release;
		};
		71E97D5C16C2D009000133DE /* Build configuration list for PBXNativeTarget "TealiumiOSTestApp" */ = {
			isa = XCConfigurationList;
			buildConfigurations = (
				71E97D5D16C2D009000133DE /* Debug */,
				71E97D5E16C2D009000133DE /* Release */,
			);
			defaultConfigurationIsVisible = 0;
			defaultConfigurationName = Release;
		};
/* End XCConfigurationList section */
	};
	rootObject = 71E97D2C16C2D009000133DE /* Project object */;
}
