// !$*UTF8*$!
{
	archiveVersion = 1;
	classes = {
	};
	objectVersion = 46;
	objects = {

/* Begin PBXBuildFile section */
		7A1F29ED1594EFD20008E13C /* TealiumiOSTagger.m in Sources */ = {isa = PBXBuildFile; fileRef = 7A1F29EA1594EFD20008E13C /* TealiumiOSTagger.m */; };
		7A1F29EE1594EFD20008E13C /* TealiumReachability.m in Sources */ = {isa = PBXBuildFile; fileRef = 7A1F29EC1594EFD20008E13C /* TealiumReachability.m */; };
		89E254EE156EE94D00848049 /* UIKit.framework in Frameworks */ = {isa = PBXBuildFile; fileRef = 89E254ED156EE94D00848049 /* UIKit.framework */; };
		89E254F0156EE94D00848049 /* Foundation.framework in Frameworks */ = {isa = PBXBuildFile; fileRef = 89E254EF156EE94D00848049 /* Foundation.framework */; };
		89E254F2156EE94D00848049 /* CoreGraphics.framework in Frameworks */ = {isa = PBXBuildFile; fileRef = 89E254F1156EE94D00848049 /* CoreGraphics.framework */; };
		89E254F8156EE94D00848049 /* InfoPlist.strings in Resources */ = {isa = PBXBuildFile; fileRef = 89E254F6156EE94D00848049 /* InfoPlist.strings */; };
		89E254FA156EE94D00848049 /* main.m in Sources */ = {isa = PBXBuildFile; fileRef = 89E254F9156EE94D00848049 /* main.m */; };
		89E254FE156EE94D00848049 /* ITTAppDelegate.m in Sources */ = {isa = PBXBuildFile; fileRef = 89E254FD156EE94D00848049 /* ITTAppDelegate.m */; };
		89E25501156EE94D00848049 /* MainStoryboard_iPhone.storyboard in Resources */ = {isa = PBXBuildFile; fileRef = 89E254FF156EE94D00848049 /* MainStoryboard_iPhone.storyboard */; };
		89E25504156EE94D00848049 /* MainStoryboard_iPad.storyboard in Resources */ = {isa = PBXBuildFile; fileRef = 89E25502156EE94D00848049 /* MainStoryboard_iPad.storyboard */; };
		89E25507156EE94D00848049 /* ITTMasterViewController.m in Sources */ = {isa = PBXBuildFile; fileRef = 89E25506156EE94D00848049 /* ITTMasterViewController.m */; };
		89E2550A156EE94D00848049 /* ITTDetailViewController.m in Sources */ = {isa = PBXBuildFile; fileRef = 89E25509156EE94D00848049 /* ITTDetailViewController.m */; };
		89E25512156EE94D00848049 /* SenTestingKit.framework in Frameworks */ = {isa = PBXBuildFile; fileRef = 89E25511156EE94D00848049 /* SenTestingKit.framework */; };
		89E25513156EE94D00848049 /* UIKit.framework in Frameworks */ = {isa = PBXBuildFile; fileRef = 89E254ED156EE94D00848049 /* UIKit.framework */; };
		89E25514156EE94D00848049 /* Foundation.framework in Frameworks */ = {isa = PBXBuildFile; fileRef = 89E254EF156EE94D00848049 /* Foundation.framework */; };
		89E2551C156EE94D00848049 /* InfoPlist.strings in Resources */ = {isa = PBXBuildFile; fileRef = 89E2551A156EE94D00848049 /* InfoPlist.strings */; };
		89E2551F156EE94D00848049 /* iOSTaggerTestAppTests.m in Sources */ = {isa = PBXBuildFile; fileRef = 89E2551E156EE94D00848049 /* iOSTaggerTestAppTests.m */; };
		89F0535C157049DC005589D4 /* libTealiumiOSTagger.a in Frameworks */ = {isa = PBXBuildFile; fileRef = 89F0535B157049DC005589D4 /* libTealiumiOSTagger.a */; };
		89F0535E15704A43005589D4 /* SystemConfiguration.framework in Frameworks */ = {isa = PBXBuildFile; fileRef = 89F0535D15704A43005589D4 /* SystemConfiguration.framework */; };
/* End PBXBuildFile section */

/* Begin PBXContainerItemProxy section */
		89E25515156EE94D00848049 /* PBXContainerItemProxy */ = {
			isa = PBXContainerItemProxy;
			containerPortal = 89E254E0156EE94D00848049 /* Project object */;
			proxyType = 1;
			remoteGlobalIDString = 89E254E8156EE94D00848049;
			remoteInfo = iOSTaggerTestApp;
		};
/* End PBXContainerItemProxy section */

/* Begin PBXFileReference section */
		7A1F29E91594EFD20008E13C /* TealiumiOSTagger.h */ = {isa = PBXFileReference; fileEncoding = 4; lastKnownFileType = sourcecode.c.h; name = TealiumiOSTagger.h; path = ../../TealiumiOSTagger/TealiumiOSTagger/TealiumiOSTagger.h; sourceTree = "<group>"; };
		7A1F29EA1594EFD20008E13C /* TealiumiOSTagger.m */ = {isa = PBXFileReference; fileEncoding = 4; lastKnownFileType = sourcecode.c.objc; name = TealiumiOSTagger.m; path = ../../TealiumiOSTagger/TealiumiOSTagger/TealiumiOSTagger.m; sourceTree = "<group>"; };
		7A1F29EB1594EFD20008E13C /* TealiumReachability.h */ = {isa = PBXFileReference; fileEncoding = 4; lastKnownFileType = sourcecode.c.h; name = TealiumReachability.h; path = ../../TealiumiOSTagger/TealiumiOSTagger/TealiumReachability.h; sourceTree = "<group>"; };
		7A1F29EC1594EFD20008E13C /* TealiumReachability.m */ = {isa = PBXFileReference; fileEncoding = 4; lastKnownFileType = sourcecode.c.objc; name = TealiumReachability.m; path = ../../TealiumiOSTagger/TealiumiOSTagger/TealiumReachability.m; sourceTree = "<group>"; };
		89E254E9156EE94D00848049 /* TealiumiOSTaggerTestApp.app */ = {isa = PBXFileReference; explicitFileType = wrapper.application; includeInIndex = 0; path = TealiumiOSTaggerTestApp.app; sourceTree = BUILT_PRODUCTS_DIR; };
		89E254ED156EE94D00848049 /* UIKit.framework */ = {isa = PBXFileReference; lastKnownFileType = wrapper.framework; name = UIKit.framework; path = System/Library/Frameworks/UIKit.framework; sourceTree = SDKROOT; };
		89E254EF156EE94D00848049 /* Foundation.framework */ = {isa = PBXFileReference; lastKnownFileType = wrapper.framework; name = Foundation.framework; path = System/Library/Frameworks/Foundation.framework; sourceTree = SDKROOT; };
		89E254F1156EE94D00848049 /* CoreGraphics.framework */ = {isa = PBXFileReference; lastKnownFileType = wrapper.framework; name = CoreGraphics.framework; path = System/Library/Frameworks/CoreGraphics.framework; sourceTree = SDKROOT; };
		89E254F5156EE94D00848049 /* TealiumiOSTaggerTestApp-Info.plist */ = {isa = PBXFileReference; lastKnownFileType = text.plist.xml; path = "TealiumiOSTaggerTestApp-Info.plist"; sourceTree = "<group>"; };
		89E254F7156EE94D00848049 /* en */ = {isa = PBXFileReference; lastKnownFileType = text.plist.strings; name = en; path = en.lproj/InfoPlist.strings; sourceTree = "<group>"; };
		89E254F9156EE94D00848049 /* main.m */ = {isa = PBXFileReference; lastKnownFileType = sourcecode.c.objc; path = main.m; sourceTree = "<group>"; };
		89E254FB156EE94D00848049 /* TealiumiOSTaggerTestApp-Prefix.pch */ = {isa = PBXFileReference; lastKnownFileType = sourcecode.c.h; path = "TealiumiOSTaggerTestApp-Prefix.pch"; sourceTree = "<group>"; };
		89E254FC156EE94D00848049 /* ITTAppDelegate.h */ = {isa = PBXFileReference; lastKnownFileType = sourcecode.c.h; path = ITTAppDelegate.h; sourceTree = "<group>"; };
		89E254FD156EE94D00848049 /* ITTAppDelegate.m */ = {isa = PBXFileReference; lastKnownFileType = sourcecode.c.objc; path = ITTAppDelegate.m; sourceTree = "<group>"; };
		89E25500156EE94D00848049 /* en */ = {isa = PBXFileReference; lastKnownFileType = file.storyboard; name = en; path = en.lproj/MainStoryboard_iPhone.storyboard; sourceTree = "<group>"; };
		89E25503156EE94D00848049 /* en */ = {isa = PBXFileReference; lastKnownFileType = file.storyboard; name = en; path = en.lproj/MainStoryboard_iPad.storyboard; sourceTree = "<group>"; };
		89E25505156EE94D00848049 /* ITTMasterViewController.h */ = {isa = PBXFileReference; lastKnownFileType = sourcecode.c.h; path = ITTMasterViewController.h; sourceTree = "<group>"; };
		89E25506156EE94D00848049 /* ITTMasterViewController.m */ = {isa = PBXFileReference; lastKnownFileType = sourcecode.c.objc; path = ITTMasterViewController.m; sourceTree = "<group>"; };
		89E25508156EE94D00848049 /* ITTDetailViewController.h */ = {isa = PBXFileReference; lastKnownFileType = sourcecode.c.h; path = ITTDetailViewController.h; sourceTree = "<group>"; };
		89E25509156EE94D00848049 /* ITTDetailViewController.m */ = {isa = PBXFileReference; lastKnownFileType = sourcecode.c.objc; path = ITTDetailViewController.m; sourceTree = "<group>"; };
		89E25510156EE94D00848049 /* TealiumiOSTaggerTestAppTests.octest */ = {isa = PBXFileReference; explicitFileType = wrapper.cfbundle; includeInIndex = 0; path = TealiumiOSTaggerTestAppTests.octest; sourceTree = BUILT_PRODUCTS_DIR; };
		89E25511156EE94D00848049 /* SenTestingKit.framework */ = {isa = PBXFileReference; lastKnownFileType = wrapper.framework; name = SenTestingKit.framework; path = Library/Frameworks/SenTestingKit.framework; sourceTree = DEVELOPER_DIR; };
		89E25519156EE94D00848049 /* TealiumiOSTaggerTestAppTests-Info.plist */ = {isa = PBXFileReference; lastKnownFileType = text.plist.xml; path = "TealiumiOSTaggerTestAppTests-Info.plist"; sourceTree = "<group>"; };
		89E2551B156EE94D00848049 /* en */ = {isa = PBXFileReference; lastKnownFileType = text.plist.strings; name = en; path = en.lproj/InfoPlist.strings; sourceTree = "<group>"; };
		89E2551D156EE94D00848049 /* iOSTaggerTestAppTests.h */ = {isa = PBXFileReference; lastKnownFileType = sourcecode.c.h; path = iOSTaggerTestAppTests.h; sourceTree = "<group>"; };
		89E2551E156EE94D00848049 /* iOSTaggerTestAppTests.m */ = {isa = PBXFileReference; lastKnownFileType = sourcecode.c.objc; path = iOSTaggerTestAppTests.m; sourceTree = "<group>"; };
		89F0535B157049DC005589D4 /* libTealiumiOSTagger.a */ = {isa = PBXFileReference; lastKnownFileType = archive.ar; name = libTealiumiOSTagger.a; path = "../TealiumiOSTagger/build/Release-iphoneos/libTealiumiOSTagger.a"; sourceTree = "<group>"; };
		89F0535D15704A43005589D4 /* SystemConfiguration.framework */ = {isa = PBXFileReference; lastKnownFileType = wrapper.framework; name = SystemConfiguration.framework; path = System/Library/Frameworks/SystemConfiguration.framework; sourceTree = SDKROOT; };
/* End PBXFileReference section */

/* Begin PBXFrameworksBuildPhase section */
		89E254E6156EE94D00848049 /* Frameworks */ = {
			isa = PBXFrameworksBuildPhase;
			buildActionMask = 2147483647;
			files = (
				89F0535E15704A43005589D4 /* SystemConfiguration.framework in Frameworks */,
				89F0535C157049DC005589D4 /* libTealiumiOSTagger.a in Frameworks */,
				89E254EE156EE94D00848049 /* UIKit.framework in Frameworks */,
				89E254F0156EE94D00848049 /* Foundation.framework in Frameworks */,
				89E254F2156EE94D00848049 /* CoreGraphics.framework in Frameworks */,
			);
			runOnlyForDeploymentPostprocessing = 0;
		};
		89E2550C156EE94D00848049 /* Frameworks */ = {
			isa = PBXFrameworksBuildPhase;
			buildActionMask = 2147483647;
			files = (
				89E25512156EE94D00848049 /* SenTestingKit.framework in Frameworks */,
				89E25513156EE94D00848049 /* UIKit.framework in Frameworks */,
				89E25514156EE94D00848049 /* Foundation.framework in Frameworks */,
			);
			runOnlyForDeploymentPostprocessing = 0;
		};
/* End PBXFrameworksBuildPhase section */

/* Begin PBXGroup section */
		89E254DE156EE94D00848049 = {
			isa = PBXGroup;
			children = (
				89F0535B157049DC005589D4 /* libTealiumiOSTagger.a */,
				89E254F3156EE94D00848049 /* TealiumiOSTaggerTestApp */,
				89E25517156EE94D00848049 /* iOSTaggerTestAppTests */,
				89E254EC156EE94D00848049 /* Frameworks */,
				89E254EA156EE94D00848049 /* Products */,
			);
			sourceTree = "<group>";
		};
		89E254EA156EE94D00848049 /* Products */ = {
			isa = PBXGroup;
			children = (
				89E254E9156EE94D00848049 /* TealiumiOSTaggerTestApp.app */,
				89E25510156EE94D00848049 /* TealiumiOSTaggerTestAppTests.octest */,
			);
			name = Products;
			sourceTree = "<group>";
		};
		89E254EC156EE94D00848049 /* Frameworks */ = {
			isa = PBXGroup;
			children = (
				89F0535D15704A43005589D4 /* SystemConfiguration.framework */,
				89E254ED156EE94D00848049 /* UIKit.framework */,
				89E254EF156EE94D00848049 /* Foundation.framework */,
				89E254F1156EE94D00848049 /* CoreGraphics.framework */,
				89E25511156EE94D00848049 /* SenTestingKit.framework */,
			);
			name = Frameworks;
			sourceTree = "<group>";
		};
		89E254F3156EE94D00848049 /* TealiumiOSTaggerTestApp */ = {
			isa = PBXGroup;
			children = (
				89E254FC156EE94D00848049 /* ITTAppDelegate.h */,
				89E254FD156EE94D00848049 /* ITTAppDelegate.m */,
				89E254FF156EE94D00848049 /* MainStoryboard_iPhone.storyboard */,
				89E25502156EE94D00848049 /* MainStoryboard_iPad.storyboard */,
				89E25505156EE94D00848049 /* ITTMasterViewController.h */,
				89E25506156EE94D00848049 /* ITTMasterViewController.m */,
				89E25508156EE94D00848049 /* ITTDetailViewController.h */,
				89E25509156EE94D00848049 /* ITTDetailViewController.m */,
				7A1F29E91594EFD20008E13C /* TealiumiOSTagger.h */,
				7A1F29EA1594EFD20008E13C /* TealiumiOSTagger.m */,
				7A1F29EB1594EFD20008E13C /* TealiumReachability.h */,
				7A1F29EC1594EFD20008E13C /* TealiumReachability.m */,
				89E254F4156EE94D00848049 /* Supporting Files */,
			);
			name = TealiumiOSTaggerTestApp;
			path = iOSTaggerTestApp;
			sourceTree = "<group>";
		};
		89E254F4156EE94D00848049 /* Supporting Files */ = {
			isa = PBXGroup;
			children = (
				89E254F5156EE94D00848049 /* TealiumiOSTaggerTestApp-Info.plist */,
				89E254F6156EE94D00848049 /* InfoPlist.strings */,
				89E254F9156EE94D00848049 /* main.m */,
				89E254FB156EE94D00848049 /* TealiumiOSTaggerTestApp-Prefix.pch */,
			);
			name = "Supporting Files";
			sourceTree = "<group>";
		};
		89E25517156EE94D00848049 /* iOSTaggerTestAppTests */ = {
			isa = PBXGroup;
			children = (
				89E2551D156EE94D00848049 /* iOSTaggerTestAppTests.h */,
				89E2551E156EE94D00848049 /* iOSTaggerTestAppTests.m */,
				89E25518156EE94D00848049 /* Supporting Files */,
			);
			path = iOSTaggerTestAppTests;
			sourceTree = "<group>";
		};
		89E25518156EE94D00848049 /* Supporting Files */ = {
			isa = PBXGroup;
			children = (
				89E25519156EE94D00848049 /* TealiumiOSTaggerTestAppTests-Info.plist */,
				89E2551A156EE94D00848049 /* InfoPlist.strings */,
			);
			name = "Supporting Files";
			sourceTree = "<group>";
		};
/* End PBXGroup section */

/* Begin PBXNativeTarget section */
		89E254E8156EE94D00848049 /* TealiumiOSTaggerTestApp */ = {
			isa = PBXNativeTarget;
			buildConfigurationList = 89E25522156EE94D00848049 /* Build configuration list for PBXNativeTarget "TealiumiOSTaggerTestApp" */;
			buildPhases = (
				89E254E5156EE94D00848049 /* Sources */,
				89E254E6156EE94D00848049 /* Frameworks */,
				89E254E7156EE94D00848049 /* Resources */,
			);
			buildRules = (
			);
			dependencies = (
			);
			name = TealiumiOSTaggerTestApp;
			productName = iOSTaggerTestApp;
			productReference = 89E254E9156EE94D00848049 /* TealiumiOSTaggerTestApp.app */;
			productType = "com.apple.product-type.application";
		};
		89E2550F156EE94D00848049 /* TealiumiOSTaggerTestAppTests */ = {
			isa = PBXNativeTarget;
			buildConfigurationList = 89E25525156EE94D00848049 /* Build configuration list for PBXNativeTarget "TealiumiOSTaggerTestAppTests" */;
			buildPhases = (
				89E2550B156EE94D00848049 /* Sources */,
				89E2550C156EE94D00848049 /* Frameworks */,
				89E2550D156EE94D00848049 /* Resources */,
				89E2550E156EE94D00848049 /* ShellScript */,
			);
			buildRules = (
			);
			dependencies = (
				89E25516156EE94D00848049 /* PBXTargetDependency */,
			);
			name = TealiumiOSTaggerTestAppTests;
			productName = iOSTaggerTestAppTests;
			productReference = 89E25510156EE94D00848049 /* TealiumiOSTaggerTestAppTests.octest */;
			productType = "com.apple.product-type.bundle";
		};
/* End PBXNativeTarget section */

/* Begin PBXProject section */
		89E254E0156EE94D00848049 /* Project object */ = {
			isa = PBXProject;
			attributes = {
				CLASSPREFIX = ITT;
				LastUpgradeCheck = 0430;
				ORGANIZATIONNAME = "Tealium, Inc";
			};
			buildConfigurationList = 89E254E3156EE94D00848049 /* Build configuration list for PBXProject "TealiumiOSTaggerTestApp" */;
			compatibilityVersion = "Xcode 3.2";
			developmentRegion = English;
			hasScannedForEncodings = 0;
			knownRegions = (
				en,
			);
			mainGroup = 89E254DE156EE94D00848049;
			productRefGroup = 89E254EA156EE94D00848049 /* Products */;
			projectDirPath = "";
			projectRoot = "";
			targets = (
				89E254E8156EE94D00848049 /* TealiumiOSTaggerTestApp */,
				89E2550F156EE94D00848049 /* TealiumiOSTaggerTestAppTests */,
			);
		};
/* End PBXProject section */

/* Begin PBXResourcesBuildPhase section */
		89E254E7156EE94D00848049 /* Resources */ = {
			isa = PBXResourcesBuildPhase;
			buildActionMask = 2147483647;
			files = (
				89E254F8156EE94D00848049 /* InfoPlist.strings in Resources */,
				89E25501156EE94D00848049 /* MainStoryboard_iPhone.storyboard in Resources */,
				89E25504156EE94D00848049 /* MainStoryboard_iPad.storyboard in Resources */,
			);
			runOnlyForDeploymentPostprocessing = 0;
		};
		89E2550D156EE94D00848049 /* Resources */ = {
			isa = PBXResourcesBuildPhase;
			buildActionMask = 2147483647;
			files = (
				89E2551C156EE94D00848049 /* InfoPlist.strings in Resources */,
			);
			runOnlyForDeploymentPostprocessing = 0;
		};
/* End PBXResourcesBuildPhase section */

/* Begin PBXShellScriptBuildPhase section */
		89E2550E156EE94D00848049 /* ShellScript */ = {
			isa = PBXShellScriptBuildPhase;
			buildActionMask = 2147483647;
			files = (
			);
			inputPaths = (
			);
			outputPaths = (
			);
			runOnlyForDeploymentPostprocessing = 0;
			shellPath = /bin/sh;
			shellScript = "# Run the unit tests in this test bundle.\n\"${SYSTEM_DEVELOPER_DIR}/Tools/RunUnitTests\"\n";
		};
/* End PBXShellScriptBuildPhase section */

/* Begin PBXSourcesBuildPhase section */
		89E254E5156EE94D00848049 /* Sources */ = {
			isa = PBXSourcesBuildPhase;
			buildActionMask = 2147483647;
			files = (
				89E254FA156EE94D00848049 /* main.m in Sources */,
				89E254FE156EE94D00848049 /* ITTAppDelegate.m in Sources */,
				89E25507156EE94D00848049 /* ITTMasterViewController.m in Sources */,
				89E2550A156EE94D00848049 /* ITTDetailViewController.m in Sources */,
				7A1F29ED1594EFD20008E13C /* TealiumiOSTagger.m in Sources */,
				7A1F29EE1594EFD20008E13C /* TealiumReachability.m in Sources */,
			);
			runOnlyForDeploymentPostprocessing = 0;
		};
		89E2550B156EE94D00848049 /* Sources */ = {
			isa = PBXSourcesBuildPhase;
			buildActionMask = 2147483647;
			files = (
				89E2551F156EE94D00848049 /* iOSTaggerTestAppTests.m in Sources */,
			);
			runOnlyForDeploymentPostprocessing = 0;
		};
/* End PBXSourcesBuildPhase section */

/* Begin PBXTargetDependency section */
		89E25516156EE94D00848049 /* PBXTargetDependency */ = {
			isa = PBXTargetDependency;
			target = 89E254E8156EE94D00848049 /* TealiumiOSTaggerTestApp */;
			targetProxy = 89E25515156EE94D00848049 /* PBXContainerItemProxy */;
		};
/* End PBXTargetDependency section */

/* Begin PBXVariantGroup section */
		89E254F6156EE94D00848049 /* InfoPlist.strings */ = {
			isa = PBXVariantGroup;
			children = (
				89E254F7156EE94D00848049 /* en */,
			);
			name = InfoPlist.strings;
			sourceTree = "<group>";
		};
		89E254FF156EE94D00848049 /* MainStoryboard_iPhone.storyboard */ = {
			isa = PBXVariantGroup;
			children = (
				89E25500156EE94D00848049 /* en */,
			);
			name = MainStoryboard_iPhone.storyboard;
			sourceTree = "<group>";
		};
		89E25502156EE94D00848049 /* MainStoryboard_iPad.storyboard */ = {
			isa = PBXVariantGroup;
			children = (
				89E25503156EE94D00848049 /* en */,
			);
			name = MainStoryboard_iPad.storyboard;
			sourceTree = "<group>";
		};
		89E2551A156EE94D00848049 /* InfoPlist.strings */ = {
			isa = PBXVariantGroup;
			children = (
				89E2551B156EE94D00848049 /* en */,
			);
			name = InfoPlist.strings;
			sourceTree = "<group>";
		};
/* End PBXVariantGroup section */

/* Begin XCBuildConfiguration section */
		89E25520156EE94D00848049 /* Debug */ = {
			isa = XCBuildConfiguration;
			buildSettings = {
				ALWAYS_SEARCH_USER_PATHS = NO;
				ARCHS = "$(ARCHS_STANDARD_32_BIT)";
				CLANG_ENABLE_OBJC_ARC = YES;
				"CODE_SIGN_IDENTITY[sdk=iphoneos*]" = "iPhone Developer";
				COPY_PHASE_STRIP = NO;
				GCC_C_LANGUAGE_STANDARD = gnu99;
				GCC_DYNAMIC_NO_PIC = NO;
				GCC_OPTIMIZATION_LEVEL = 0;
				GCC_PREPROCESSOR_DEFINITIONS = (
					"DEBUG=1",
					"$(inherited)",
				);
				GCC_SYMBOLS_PRIVATE_EXTERN = NO;
				GCC_VERSION = com.apple.compilers.llvm.clang.1_0;
				GCC_WARN_ABOUT_RETURN_TYPE = YES;
				GCC_WARN_UNINITIALIZED_AUTOS = YES;
				GCC_WARN_UNUSED_VARIABLE = YES;
				IPHONEOS_DEPLOYMENT_TARGET = 5.1;
				SDKROOT = iphoneos;
				TARGETED_DEVICE_FAMILY = "1,2";
			};
			name = Debug;
		};
		89E25521156EE94D00848049 /* Release */ = {
			isa = XCBuildConfiguration;
			buildSettings = {
				ALWAYS_SEARCH_USER_PATHS = NO;
				ARCHS = "$(ARCHS_STANDARD_32_BIT)";
				CLANG_ENABLE_OBJC_ARC = YES;
				"CODE_SIGN_IDENTITY[sdk=iphoneos*]" = "iPhone Developer";
				COPY_PHASE_STRIP = YES;
				GCC_C_LANGUAGE_STANDARD = gnu99;
				GCC_VERSION = com.apple.compilers.llvm.clang.1_0;
				GCC_WARN_ABOUT_RETURN_TYPE = YES;
				GCC_WARN_UNINITIALIZED_AUTOS = YES;
				GCC_WARN_UNUSED_VARIABLE = YES;
				IPHONEOS_DEPLOYMENT_TARGET = 5.1;
				OTHER_CFLAGS = "-DNS_BLOCK_ASSERTIONS=1";
				SDKROOT = iphoneos;
				TARGETED_DEVICE_FAMILY = "1,2";
				VALIDATE_PRODUCT = YES;
			};
			name = Release;
		};
		89E25523156EE94D00848049 /* Debug */ = {
			isa = XCBuildConfiguration;
			buildSettings = {
				GCC_PRECOMPILE_PREFIX_HEADER = YES;
				GCC_PREFIX_HEADER = "iOSTaggerTestApp/TealiumiOSTaggerTestApp-Prefix.pch";
				INFOPLIST_FILE = "iOSTaggerTestApp/TealiumiOSTaggerTestApp-Info.plist";
				PRODUCT_NAME = TealiumiOSTaggerTestApp;
				USER_HEADER_SEARCH_PATHS = "$(BUILT_PRODUCTS_DIR)/**";
				WRAPPER_EXTENSION = app;
			};
			name = Debug;
		};
		89E25524156EE94D00848049 /* Release */ = {
			isa = XCBuildConfiguration;
			buildSettings = {
				GCC_PRECOMPILE_PREFIX_HEADER = YES;
				GCC_PREFIX_HEADER = "iOSTaggerTestApp/TealiumiOSTaggerTestApp-Prefix.pch";
				INFOPLIST_FILE = "iOSTaggerTestApp/TealiumiOSTaggerTestApp-Info.plist";
				PRODUCT_NAME = TealiumiOSTaggerTestApp;
				USER_HEADER_SEARCH_PATHS = "$(BUILT_PRODUCTS_DIR)/**";
				WRAPPER_EXTENSION = app;
			};
			name = Release;
		};
		89E25526156EE94D00848049 /* Debug */ = {
			isa = XCBuildConfiguration;
			buildSettings = {
				BUNDLE_LOADER = "$(BUILT_PRODUCTS_DIR)/iOSTaggerTestApp.app/iOSTaggerTestApp";
				FRAMEWORK_SEARCH_PATHS = (
					"$(SDKROOT)/Developer/Library/Frameworks",
					"$(DEVELOPER_LIBRARY_DIR)/Frameworks",
				);
				GCC_PRECOMPILE_PREFIX_HEADER = YES;
				GCC_PREFIX_HEADER = "iOSTaggerTestApp/iOSTaggerTestApp-Prefix.pch";
				INFOPLIST_FILE = "iOSTaggerTestAppTests/TealiumiOSTaggerTestAppTests-Info.plist";
				PRODUCT_NAME = TealiumiOSTaggerTestAppTests;
				TEST_HOST = "$(BUNDLE_LOADER)";
				WRAPPER_EXTENSION = octest;
			};
			name = Debug;
		};
		89E25527156EE94D00848049 /* Release */ = {
			isa = XCBuildConfiguration;
			buildSettings = {
				BUNDLE_LOADER = "$(BUILT_PRODUCTS_DIR)/iOSTaggerTestApp.app/iOSTaggerTestApp";
				FRAMEWORK_SEARCH_PATHS = (
					"$(SDKROOT)/Developer/Library/Frameworks",
					"$(DEVELOPER_LIBRARY_DIR)/Frameworks",
				);
				GCC_PRECOMPILE_PREFIX_HEADER = YES;
				GCC_PREFIX_HEADER = "iOSTaggerTestApp/iOSTaggerTestApp-Prefix.pch";
				INFOPLIST_FILE = "iOSTaggerTestAppTests/TealiumiOSTaggerTestAppTests-Info.plist";
				PRODUCT_NAME = TealiumiOSTaggerTestAppTests;
				TEST_HOST = "$(BUNDLE_LOADER)";
				WRAPPER_EXTENSION = octest;
			};
			name = Release;
		};
/* End XCBuildConfiguration section */

/* Begin XCConfigurationList section */
		89E254E3156EE94D00848049 /* Build configuration list for PBXProject "TealiumiOSTaggerTestApp" */ = {
			isa = XCConfigurationList;
			buildConfigurations = (
				89E25520156EE94D00848049 /* Debug */,
				89E25521156EE94D00848049 /* Release */,
			);
			defaultConfigurationIsVisible = 0;
			defaultConfigurationName = Release;
		};
		89E25522156EE94D00848049 /* Build configuration list for PBXNativeTarget "TealiumiOSTaggerTestApp" */ = {
			isa = XCConfigurationList;
			buildConfigurations = (
				89E25523156EE94D00848049 /* Debug */,
				89E25524156EE94D00848049 /* Release */,
			);
			defaultConfigurationIsVisible = 0;
			defaultConfigurationName = Release;
		};
		89E25525156EE94D00848049 /* Build configuration list for PBXNativeTarget "TealiumiOSTaggerTestAppTests" */ = {
			isa = XCConfigurationList;
			buildConfigurations = (
				89E25526156EE94D00848049 /* Debug */,
				89E25527156EE94D00848049 /* Release */,
			);
			defaultConfigurationIsVisible = 0;
			defaultConfigurationName = Release;
		};
/* End XCConfigurationList section */
	};
	rootObject = 89E254E0156EE94D00848049 /* Project object */;
}
